
Microsoft Visual Studio Solution File, Format Version 12.00
# Visual Studio Version 17
VisualStudioVersion = 17.9.34622.214
MinimumVisualStudioVersion = 10.0.40219.1
Project("{FAE04EC0-301F-11D3-BF4B-00C04F79EFBC}") = "EmployeeWebApi", "EmployeeWebApi\EmployeeWebApi.csproj", "{B58CE799-85E2-413D-BFE7-B8DB610C795A}"
EndProject
Global
	GlobalSection(SolutionConfigurationPlatforms) = preSolution
		Debug|Any CPU = Debug|Any CPU
		Release|Any CPU = Release|Any CPU
	EndGlobalSection
	GlobalSection(ProjectConfigurationPlatforms) = postSolution
		{B58CE799-85E2-413D-BFE7-B8DB610C795A}.Debug|Any CPU.ActiveCfg = Debug|Any CPU
		{B58CE799-85E2-413D-BFE7-B8DB610C795A}.Debug|Any CPU.Build.0 = Debug|Any CPU
		{B58CE799-85E2-413D-BFE7-B8DB610C795A}.Release|Any CPU.ActiveCfg = Release|Any CPU
		{B58CE799-85E2-413D-BFE7-B8DB610C795A}.Release|Any CPU.Build.0 = Release|Any CPU
	EndGlobalSection
	GlobalSection(SolutionProperties) = preSolution
		HideSolutionNode = FALSE
	EndGlobalSection
	GlobalSection(ExtensibilityGlobals) = postSolution
		SolutionGuid = {306BE1F8-C60D-4888-927C-849BBF159B50}
	EndGlobalSection
EndGlobal
